PODS:
  - Cartography (3.1.0)
  - Charts (3.2.1):
    - Charts/Core (= 3.2.1)
  - Charts/Core (3.2.1)
  - Differentiator (3.1.0)
  - DynamicBlurView (3.0.1)
  - GoogleMaps/Base (2.7.0)
  - GooglePlaces (2.7.0):
    - GoogleMaps/Base (= 2.7.0)
  - ReachabilitySwift (4.3.0)
  - Realm (3.11.0):
    - Realm/Headers (= 3.11.0)
  - Realm/Headers (3.11.0)
  - RealmSwift (3.11.0):
    - Realm (= 3.11.0)
  - RxBlocking (4.3.1):
    - RxSwift (~> 4.0)
  - RxCocoa (4.3.1):
    - RxSwift (~> 4.0)
  - RxDataSources (3.1.0):
    - Differentiator (~> 3.0)
    - RxCocoa (~> 4.0)
    - RxSwift (~> 4.0)
  - RxRealm (0.7.5):
    - RealmSwift (~> 3.0)
    - RxSwift (~> 4.0)
  - RxSwift (4.3.1)
  - RxTest (4.3.1):
    - RxSwift (~> 4.0)

DEPENDENCIES:
  - Cartography
  - Charts
  - DynamicBlurView
  - GooglePlaces
  - ReachabilitySwift
  - RealmSwift
  - RxBlocking
  - RxCocoa
  - RxDataSources
  - RxRealm
  - RxSwift
  - RxTest

SPEC REPOS:
  https://github.com/cocoapods/specs.git:
    - Cartography
    - Charts
    - Differentiator
    - DynamicBlurView
    - GoogleMaps
    - GooglePlaces
    - ReachabilitySwift
    - Realm
    - RealmSwift
    - RxBlocking
    - RxCocoa
    - RxDataSources
    - RxRealm
    - RxSwift
    - RxTest

SPEC CHECKSUMS:
  Cartography: 1988b7578871a56c036e7af17195cb2190edf18c
  Charts: f122fb70b19847fa5817d018b77d6c5a2296ab25
  Differentiator: be49ca3408f0ecfc761e4c7763d20c62be01b9ad
  DynamicBlurView: b1df5415f9bd31897549e5d7077e5ec120a4d636
  GoogleMaps: f79af95cb24d869457b1f961c93d3ce8b2f3b848
  GooglePlaces: 3d06e6c99654545b4738ce49648745779c25f2ef
  ReachabilitySwift: 408477d1b6ed9779dba301953171e017c31241f3
  Realm: 92f09a102692b96a9a10e9617f214f15c5ab85fc
  RealmSwift: 5f0481cd658bb751c509314b964a35eaa264d2cf
  RxBlocking: 64c051285261ca2339481e91b5f70eb06b03660a
  RxCocoa: 78763c7b07d02455598d9fc3c1ad091a28b73635
  RxDataSources: a843bad90c29817f5923ec8163f4af2de084ceb3
  RxRealm: a6c6c0a07cb61f34209969ca6657734edfdfff30
  RxSwift: fe0fd770a43acdb7d0a53da411c9b892e69bb6e4
  RxTest: ea97a208826906f3904c0debdd09575ebcbfe216

PODFILE CHECKSUM: a357d5064caff96da6f1176c1dfecb1dec74c33a

COCOAPODS: 1.5.3
